// !$*UTF8*$!
{
	archiveVersion = 1;
	classes = {
	};
	objectVersion = 46;
	objects = {

/* Begin PBXBuildFile section */
		D7B041191B07832B0008CC84 /* Foundation.framework in Frameworks */ = {isa = PBXBuildFile; fileRef = D7B041181B07832B0008CC84 /* Foundation.framework */; };
		D7B0411B1B07832B0008CC84 /* CoreGraphics.framework in Frameworks */ = {isa = PBXBuildFile; fileRef = D7B0411A1B07832B0008CC84 /* CoreGraphics.framework */; };
		D7B0411D1B07832B0008CC84 /* UIKit.framework in Frameworks */ = {isa = PBXBuildFile; fileRef = D7B0411C1B07832B0008CC84 /* UIKit.framework */; };
		D7B041231B07832B0008CC84 /* InfoPlist.strings in Resources */ = {isa = PBXBuildFile; fileRef = D7B041211B07832B0008CC84 /* InfoPlist.strings */; };
		D7B041251B07832B0008CC84 /* main.m in Sources */ = {isa = PBXBuildFile; fileRef = D7B041241B07832B0008CC84 /* main.m */; };
		D7B041291B07832B0008CC84 /* AppDelegate.m in Sources */ = {isa = PBXBuildFile; fileRef = D7B041281B07832B0008CC84 /* AppDelegate.m */; };
		D7B0412C1B07832B0008CC84 /* Main.storyboard in Resources */ = {isa = PBXBuildFile; fileRef = D7B0412A1B07832B0008CC84 /* Main.storyboard */; };
		D7B0412F1B07832B0008CC84 /* ViewController.m in Sources */ = {isa = PBXBuildFile; fileRef = D7B0412E1B07832B0008CC84 /* ViewController.m */; };
		D7B041311B07832B0008CC84 /* Images.xcassets in Resources */ = {isa = PBXBuildFile; fileRef = D7B041301B07832B0008CC84 /* Images.xcassets */; };
		D7B041381B07832B0008CC84 /* XCTest.framework in Frameworks */ = {isa = PBXBuildFile; fileRef = D7B041371B07832B0008CC84 /* XCTest.framework */; };
		D7B041391B07832B0008CC84 /* Foundation.framework in Frameworks */ = {isa = PBXBuildFile; fileRef = D7B041181B07832B0008CC84 /* Foundation.framework */; };
		D7B0413A1B07832B0008CC84 /* UIKit.framework in Frameworks */ = {isa = PBXBuildFile; fileRef = D7B0411C1B07832B0008CC84 /* UIKit.framework */; };
		D7B041421B07832B0008CC84 /* InfoPlist.strings in Resources */ = {isa = PBXBuildFile; fileRef = D7B041401B07832B0008CC84 /* InfoPlist.strings */; };
		D7B041441B07832B0008CC84 /* EatloTests.m in Sources */ = {isa = PBXBuildFile; fileRef = D7B041431B07832B0008CC84 /* EatloTests.m */; };
/* End PBXBuildFile section */

/* Begin PBXContainerItemProxy section */
		D7B0413B1B07832B0008CC84 /* PBXContainerItemProxy */ = {
			isa = PBXContainerItemProxy;
			containerPortal = D7B0410D1B07832B0008CC84 /* Project object */;
			proxyType = 1;
			remoteGlobalIDString = D7B041141B07832B0008CC84;
			remoteInfo = Eatlo;
		};
/* End PBXContainerItemProxy section */

/* Begin PBXFileReference section */
		D7B041151B07832B0008CC84 /* Eatlo.app */ = {isa = PBXFileReference; explicitFileType = wrapper.application; includeInIndex = 0; path = Eatlo.app; sourceTree = BUILT_PRODUCTS_DIR; };
		D7B041181B07832B0008CC84 /* Foundation.framework */ = {isa = PBXFileReference; lastKnownFileType = wrapper.framework; name = Foundation.framework; path = System/Library/Frameworks/Foundation.framework; sourceTree = SDKROOT; };
		D7B0411A1B07832B0008CC84 /* CoreGraphics.framework */ = {isa = PBXFileReference; lastKnownFileType = wrapper.framework; name = CoreGraphics.framework; path = System/Library/Frameworks/CoreGraphics.framework; sourceTree = SDKROOT; };
		D7B0411C1B07832B0008CC84 /* UIKit.framework */ = {isa = PBXFileReference; lastKnownFileType = wrapper.framework; name = UIKit.framework; path = System/Library/Frameworks/UIKit.framework; sourceTree = SDKROOT; };
		D7B041201B07832B0008CC84 /* Eatlo-Info.plist */ = {isa = PBXFileReference; lastKnownFileType = text.plist.xml; path = "Eatlo-Info.plist"; sourceTree = "<group>"; };
		D7B041221B07832B0008CC84 /* en */ = {isa = PBXFileReference; lastKnownFileType = text.plist.strings; name = en; path = en.lproj/InfoPlist.strings; sourceTree = "<group>"; };
		D7B041241B07832B0008CC84 /* main.m */ = {isa = PBXFileReference; lastKnownFileType = sourcecode.c.objc; path = main.m; sourceTree = "<group>"; };
		D7B041261B07832B0008CC84 /* Eatlo-Prefix.pch */ = {isa = PBXFileReference; lastKnownFileType = sourcecode.c.h; path = "Eatlo-Prefix.pch"; sourceTree = "<group>"; };
		D7B041271B07832B0008CC84 /* AppDelegate.h */ = {isa = PBXFileReference; lastKnownFileType = sourcecode.c.h; path = AppDelegate.h; sourceTree = "<group>"; };
		D7B041281B07832B0008CC84 /* AppDelegate.m */ = {isa = PBXFileReference; lastKnownFileType = sourcecode.c.objc; path = AppDelegate.m; sourceTree = "<group>"; };
		D7B0412B1B07832B0008CC84 /* Base */ = {isa = PBXFileReference; lastKnownFileType = file.storyboard; name = Base; path = Base.lproj/Main.storyboard; sourceTree = "<group>"; };
		D7B0412D1B07832B0008CC84 /* ViewController.h */ = {isa = PBXFileReference; lastKnownFileType = sourcecode.c.h; path = ViewController.h; sourceTree = "<group>"; };
		D7B0412E1B07832B0008CC84 /* ViewController.m */ = {isa = PBXFileReference; lastKnownFileType = sourcecode.c.objc; path = ViewController.m; sourceTree = "<group>"; };
		D7B041301B07832B0008CC84 /* Images.xcassets */ = {isa = PBXFileReference; lastKnownFileType = folder.assetcatalog; path = Images.xcassets; sourceTree = "<group>"; };
		D7B041361B07832B0008CC84 /* EatloTests.xctest */ = {isa = PBXFileReference; explicitFileType = wrapper.cfbundle; includeInIndex = 0; path = EatloTests.xctest; sourceTree = BUILT_PRODUCTS_DIR; };
		D7B041371B07832B0008CC84 /* XCTest.framework */ = {isa = PBXFileReference; lastKnownFileType = wrapper.framework; name = XCTest.framework; path = Library/Frameworks/XCTest.framework; sourceTree = DEVELOPER_DIR; };
		D7B0413F1B07832B0008CC84 /* EatloTests-Info.plist */ = {isa = PBXFileReference; lastKnownFileType = text.plist.xml; path = "EatloTests-Info.plist"; sourceTree = "<group>"; };
		D7B041411B07832B0008CC84 /* en */ = {isa = PBXFileReference; lastKnownFileType = text.plist.strings; name = en; path = en.lproj/InfoPlist.strings; sourceTree = "<group>"; };
		D7B041431B07832B0008CC84 /* EatloTests.m */ = {isa = PBXFileReference; lastKnownFileType = sourcecode.c.objc; path = EatloTests.m; sourceTree = "<group>"; };
/* End PBXFileReference section */

/* Begin PBXFrameworksBuildPhase section */
		D7B041121B07832B0008CC84 /* Frameworks */ = {
			isa = PBXFrameworksBuildPhase;
			buildActionMask = 2147483647;
			files = (
				D7B0411B1B07832B0008CC84 /* CoreGraphics.framework in Frameworks */,
				D7B0411D1B07832B0008CC84 /* UIKit.framework in Frameworks */,
				D7B041191B07832B0008CC84 /* Foundation.framework in Frameworks */,
			);
			runOnlyForDeploymentPostprocessing = 0;
		};
		D7B041331B07832B0008CC84 /* Frameworks */ = {
			isa = PBXFrameworksBuildPhase;
			buildActionMask = 2147483647;
			files = (
				D7B041381B07832B0008CC84 /* XCTest.framework in Frameworks */,
				D7B0413A1B07832B0008CC84 /* UIKit.framework in Frameworks */,
				D7B041391B07832B0008CC84 /* Foundation.framework in Frameworks */,
			);
			runOnlyForDeploymentPostprocessing = 0;
		};
/* End PBXFrameworksBuildPhase section */

/* Begin PBXGroup section */
		D7B0410C1B07832B0008CC84 = {
			isa = PBXGroup;
			children = (
				D7B0411E1B07832B0008CC84 /* Eatlo */,
				D7B0413D1B07832B0008CC84 /* EatloTests */,
				D7B041171B07832B0008CC84 /* Frameworks */,
				D7B041161B07832B0008CC84 /* Products */,
			);
			sourceTree = "<group>";
		};
		D7B041161B07832B0008CC84 /* Products */ = {
			isa = PBXGroup;
			children = (
				D7B041151B07832B0008CC84 /* Eatlo.app */,
				D7B041361B07832B0008CC84 /* EatloTests.xctest */,
			);
			name = Products;
			sourceTree = "<group>";
		};
		D7B041171B07832B0008CC84 /* Frameworks */ = {
			isa = PBXGroup;
			children = (
				D7B041181B07832B0008CC84 /* Foundation.framework */,
				D7B0411A1B07832B0008CC84 /* CoreGraphics.framework */,
				D7B0411C1B07832B0008CC84 /* UIKit.framework */,
				D7B041371B07832B0008CC84 /* XCTest.framework */,
			);
			name = Frameworks;
			sourceTree = "<group>";
		};
		D7B0411E1B07832B0008CC84 /* Eatlo */ = {
			isa = PBXGroup;
			children = (
				D7B041271B07832B0008CC84 /* AppDelegate.h */,
				D7B041281B07832B0008CC84 /* AppDelegate.m */,
				D7B0412A1B07832B0008CC84 /* Main.storyboard */,
				D7B0412D1B07832B0008CC84 /* ViewController.h */,
				D7B0412E1B07832B0008CC84 /* ViewController.m */,
				D7B041301B07832B0008CC84 /* Images.xcassets */,
				D7B0411F1B07832B0008CC84 /* Supporting Files */,
			);
			path = Eatlo;
			sourceTree = "<group>";
		};
		D7B0411F1B07832B0008CC84 /* Supporting Files */ = {
			isa = PBXGroup;
			children = (
				D7B041201B07832B0008CC84 /* Eatlo-Info.plist */,
				D7B041211B07832B0008CC84 /* InfoPlist.strings */,
				D7B041241B07832B0008CC84 /* main.m */,
				D7B041261B07832B0008CC84 /* Eatlo-Prefix.pch */,
			);
			name = "Supporting Files";
			sourceTree = "<group>";
		};
		D7B0413D1B07832B0008CC84 /* EatloTests */ = {
			isa = PBXGroup;
			children = (
				D7B041431B07832B0008CC84 /* EatloTests.m */,
				D7B0413E1B07832B0008CC84 /* Supporting Files */,
			);
			path = EatloTests;
			sourceTree = "<group>";
		};
		D7B0413E1B07832B0008CC84 /* Supporting Files */ = {
			isa = PBXGroup;
			children = (
				D7B0413F1B07832B0008CC84 /* EatloTests-Info.plist */,
				D7B041401B07832B0008CC84 /* InfoPlist.strings */,
			);
			name = "Supporting Files";
			sourceTree = "<group>";
		};
/* End PBXGroup section */

/* Begin PBXNativeTarget section */
		D7B041141B07832B0008CC84 /* Eatlo */ = {
			isa = PBXNativeTarget;
			buildConfigurationList = D7B041471B07832B0008CC84 /* Build configuration list for PBXNativeTarget "Eatlo" */;
			buildPhases = (
				D7B041111B07832B0008CC84 /* Sources */,
				D7B041121B07832B0008CC84 /* Frameworks */,
				D7B041131B07832B0008CC84 /* Resources */,
			);
			buildRules = (
			);
			dependencies = (
			);
			name = Eatlo;
			productName = Eatlo;
			productReference = D7B041151B07832B0008CC84 /* Eatlo.app */;
			productType = "com.apple.product-type.application";
		};
		D7B041351B07832B0008CC84 /* EatloTests */ = {
			isa = PBXNativeTarget;
			buildConfigurationList = D7B0414A1B07832B0008CC84 /* Build configuration list for PBXNativeTarget "EatloTests" */;
			buildPhases = (
				D7B041321B07832B0008CC84 /* Sources */,
				D7B041331B07832B0008CC84 /* Frameworks */,
				D7B041341B07832B0008CC84 /* Resources */,
			);
			buildRules = (
			);
			dependencies = (
				D7B0413C1B07832B0008CC84 /* PBXTargetDependency */,
			);
			name = EatloTests;
			productName = EatloTests;
			productReference = D7B041361B07832B0008CC84 /* EatloTests.xctest */;
			productType = "com.apple.product-type.bundle.unit-test";
		};
/* End PBXNativeTarget section */

/* Begin PBXProject section */
		D7B0410D1B07832B0008CC84 /* Project object */ = {
			isa = PBXProject;
			attributes = {
				LastUpgradeCheck = 0510;
				ORGANIZATIONNAME = ArpitaJadhav;
				TargetAttributes = {
					D7B041351B07832B0008CC84 = {
						TestTargetID = D7B041141B07832B0008CC84;
					};
				};
			};
			buildConfigurationList = D7B041101B07832B0008CC84 /* Build configuration list for PBXProject "Eatlo" */;
			compatibilityVersion = "Xcode 3.2";
			developmentRegion = English;
			hasScannedForEncodings = 0;
			knownRegions = (
				en,
				Base,
			);
			mainGroup = D7B0410C1B07832B0008CC84;
			productRefGroup = D7B041161B07832B0008CC84 /* Products */;
			projectDirPath = "";
			projectRoot = "";
			targets = (
				D7B041141B07832B0008CC84 /* Eatlo */,
				D7B041351B07832B0008CC84 /* EatloTests */,
			);
		};
/* End PBXProject section */

/* Begin PBXResourcesBuildPhase section */
		D7B041131B07832B0008CC84 /* Resources */ = {
			isa = PBXResourcesBuildPhase;
			buildActionMask = 2147483647;
			files = (
				D7B041311B07832B0008CC84 /* Images.xcassets in Resources */,
				D7B041231B07832B0008CC84 /* InfoPlist.strings in Resources */,
				D7B0412C1B07832B0008CC84 /* Main.storyboard in Resources */,
			);
			runOnlyForDeploymentPostprocessing = 0;
		};
		D7B041341B07832B0008CC84 /* Resources */ = {
			isa = PBXResourcesBuildPhase;
			buildActionMask = 2147483647;
			files = (
				D7B041421B07832B0008CC84 /* InfoPlist.strings in Resources */,
			);
			runOnlyForDeploymentPostprocessing = 0;
		};
/* End PBXResourcesBuildPhase section */

/* Begin PBXSourcesBuildPhase section */
		D7B041111B07832B0008CC84 /* Sources */ = {
			isa = PBXSourcesBuildPhase;
			buildActionMask = 2147483647;
			files = (
				D7B0412F1B07832B0008CC84 /* ViewController.m in Sources */,
				D7B041291B07832B0008CC84 /* AppDelegate.m in Sources */,
				D7B041251B07832B0008CC84 /* main.m in Sources */,
			);
			runOnlyForDeploymentPostprocessing = 0;
		};
		D7B041321B07832B0008CC84 /* Sources */ = {
			isa = PBXSourcesBuildPhase;
			buildActionMask = 2147483647;
			files = (
				D7B041441B07832B0008CC84 /* EatloTests.m in Sources */,
			);
			runOnlyForDeploymentPostprocessing = 0;
		};
/* End PBXSourcesBuildPhase section */

/* Begin PBXTargetDependency section */
		D7B0413C1B07832B0008CC84 /* PBXTargetDependency */ = {
			isa = PBXTargetDependency;
			target = D7B041141B07832B0008CC84 /* Eatlo */;
			targetProxy = D7B0413B1B07832B0008CC84 /* PBXContainerItemProxy */;
		};
/* End PBXTargetDependency section */

/* Begin PBXVariantGroup section */
		D7B041211B07832B0008CC84 /* InfoPlist.strings */ = {
			isa = PBXVariantGroup;
			children = (
				D7B041221B07832B0008CC84 /* en */,
			);
			name = InfoPlist.strings;
			sourceTree = "<group>";
		};
		D7B0412A1B07832B0008CC84 /* Main.storyboard */ = {
			isa = PBXVariantGroup;
			children = (
				D7B0412B1B07832B0008CC84 /* Base */,
			);
			name = Main.storyboard;
			sourceTree = "<group>";
		};
		D7B041401B07832B0008CC84 /* InfoPlist.strings */ = {
			isa = PBXVariantGroup;
			children = (
				D7B041411B07832B0008CC84 /* en */,
			);
			name = InfoPlist.strings;
			sourceTree = "<group>";
		};
/* End PBXVariantGroup section */

/* Begin XCBuildConfiguration section */
		D7B041451B07832B0008CC84 /* Debug */ = {
			isa = XCBuildConfiguration;
			buildSettings = {
				ALWAYS_SEARCH_USER_PATHS = NO;
				CLANG_CXX_LANGUAGE_STANDARD = "gnu++0x";
				CLANG_CXX_LIBRARY = "libc++";
				CLANG_ENABLE_MODULES = YES;
				CLANG_ENABLE_OBJC_ARC = YES;
				CLANG_WARN_BOOL_CONVERSION = YES;
				CLANG_WARN_CONSTANT_CONVERSION = YES;
				CLANG_WARN_DIRECT_OBJC_ISA_USAGE = YES_ERROR;
				CLANG_WARN_EMPTY_BODY = YES;
				CLANG_WARN_ENUM_CONVERSION = YES;
				CLANG_WARN_INT_CONVERSION = YES;
				CLANG_WARN_OBJC_ROOT_CLASS = YES_ERROR;
				CLANG_WARN__DUPLICATE_METHOD_MATCH = YES;
				"CODE_SIGN_IDENTITY[sdk=iphoneos*]" = "iPhone Developer";
				COPY_PHASE_STRIP = NO;
				GCC_C_LANGUAGE_STANDARD = gnu99;
				GCC_DYNAMIC_NO_PIC = NO;
				GCC_OPTIMIZATION_LEVEL = 0;
				GCC_PREPROCESSOR_DEFINITIONS = (
					"DEBUG=1",
					"$(inherited)",
				);
				GCC_SYMBOLS_PRIVATE_EXTERN = NO;
				GCC_WARN_64_TO_32_BIT_CONVERSION = YES;
				GCC_WARN_ABOUT_RETURN_TYPE = YES_ERROR;
				GCC_WARN_UNDECLARED_SELECTOR = YES;
				GCC_WARN_UNINITIALIZED_AUTOS = YES_AGGRESSIVE;
				GCC_WARN_UNUSED_FUNCTION = YES;
				GCC_WARN_UNUSED_VARIABLE = YES;
				IPHONEOS_DEPLOYMENT_TARGET = 7.1;
				ONLY_ACTIVE_ARCH = YES;
				SDKROOT = iphoneos;
			};
			name = Debug;
		};
		D7B041461B07832B0008CC84 /* Release */ = {
			isa = XCBuildConfiguration;
			buildSettings = {
				ALWAYS_SEARCH_USER_PATHS = NO;
				CLANG_CXX_LANGUAGE_STANDARD = "gnu++0x";
				CLANG_CXX_LIBRARY = "libc++";
				CLANG_ENABLE_MODULES = YES;
				CLANG_ENABLE_OBJC_ARC = YES;
				CLANG_WARN_BOOL_CONVERSION = YES;
				CLANG_WARN_CONSTANT_CONVERSION = YES;
				CLANG_WARN_DIRECT_OBJC_ISA_USAGE = YES_ERROR;
				CLANG_WARN_EMPTY_BODY = YES;
				CLANG_WARN_ENUM_CONVERSION = YES;
				CLANG_WARN_INT_CONVERSION = YES;
				CLANG_WARN_OBJC_ROOT_CLASS = YES_ERROR;
				CLANG_WARN__DUPLICATE_METHOD_MATCH = YES;
				"CODE_SIGN_IDENTITY[sdk=iphoneos*]" = "iPhone Developer";
				COPY_PHASE_STRIP = YES;
				ENABLE_NS_ASSERTIONS = NO;
				GCC_C_LANGUAGE_STANDARD = gnu99;
				GCC_WARN_64_TO_32_BIT_CONVERSION = YES;
				GCC_WARN_ABOUT_RETURN_TYPE = YES_ERROR;
				GCC_WARN_UNDECLARED_SELECTOR = YES;
				GCC_WARN_UNINITIALIZED_AUTOS = YES_AGGRESSIVE;
				GCC_WARN_UNUSED_FUNCTION = YES;
				GCC_WARN_UNUSED_VARIABLE = YES;
				IPHONEOS_DEPLOYMENT_TARGET = 7.1;
				SDKROOT = iphoneos;
				VALIDATE_PRODUCT = YES;
			};
			name = Release;
		};
		D7B041481B07832B0008CC84 /* Debug */ = {
			isa = XCBuildConfiguration;
			buildSettings = {
				ASSETCATALOG_COMPILER_APPICON_NAME = AppIcon;
				ASSETCATALOG_COMPILER_LAUNCHIMAGE_NAME = LaunchImage;
				GCC_PRECOMPILE_PREFIX_HEADER = YES;
				GCC_PREFIX_HEADER = "Eatlo/Eatlo-Prefix.pch";
				INFOPLIST_FILE = "Eatlo/Eatlo-Info.plist";
				PRODUCT_NAME = "$(TARGET_NAME)";
				WRAPPER_EXTENSION = app;
			};
			name = Debug;
		};
		D7B041491B07832B0008CC84 /* Release */ = {
			isa = XCBuildConfiguration;
			buildSettings = {
				ASSETCATALOG_COMPILER_APPICON_NAME = AppIcon;
				ASSETCATALOG_COMPILER_LAUNCHIMAGE_NAME = LaunchImage;
				GCC_PRECOMPILE_PREFIX_HEADER = YES;
				GCC_PREFIX_HEADER = "Eatlo/Eatlo-Prefix.pch";
				INFOPLIST_FILE = "Eatlo/Eatlo-Info.plist";
				PRODUCT_NAME = "$(TARGET_NAME)";
				WRAPPER_EXTENSION = app;
			};
			name = Release;
		};
		D7B0414B1B07832B0008CC84 /* Debug */ = {
			isa = XCBuildConfiguration;
			buildSettings = {
				BUNDLE_LOADER = "$(BUILT_PRODUCTS_DIR)/Eatlo.app/Eatlo";
				FRAMEWORK_SEARCH_PATHS = (
					"$(SDKROOT)/Developer/Library/Frameworks",
					"$(inherited)",
					"$(DEVELOPER_FRAMEWORKS_DIR)",
				);
				GCC_PRECOMPILE_PREFIX_HEADER = YES;
				GCC_PREFIX_HEADER = "Eatlo/Eatlo-Prefix.pch";
				GCC_PREPROCESSOR_DEFINITIONS = (
					"DEBUG=1",
					"$(inherited)",
				);
				INFOPLIST_FILE = "EatloTests/EatloTests-Info.plist";
				PRODUCT_NAME = "$(TARGET_NAME)";
				TEST_HOST = "$(BUNDLE_LOADER)";
				WRAPPER_EXTENSION = xctest;
			};
			name = Debug;
		};
		D7B0414C1B07832B0008CC84 /* Release */ = {
			isa = XCBuildConfiguration;
			buildSettings = {
				BUNDLE_LOADER = "$(BUILT_PRODUCTS_DIR)/Eatlo.app/Eatlo";
				FRAMEWORK_SEARCH_PATHS = (
					"$(SDKROOT)/Developer/Library/Frameworks",
					"$(inherited)",
					"$(DEVELOPER_FRAMEWORKS_DIR)",
				);
				GCC_PRECOMPILE_PREFIX_HEADER = YES;
				GCC_PREFIX_HEADER = "Eatlo/Eatlo-Prefix.pch";
				INFOPLIST_FILE = "EatloTests/EatloTests-Info.plist";
				PRODUCT_NAME = "$(TARGET_NAME)";
				TEST_HOST = "$(BUNDLE_LOADER)";
				WRAPPER_EXTENSION = xctest;
			};
			name = Release;
		};
/* End XCBuildConfiguration section */

/* Begin XCConfigurationList section */
		D7B041101B07832B0008CC84 /* Build configuration list for PBXProject "Eatlo" */ = {
			isa = XCConfigurationList;
			buildConfigurations = (
				D7B041451B07832B0008CC84 /* Debug */,
				D7B041461B07832B0008CC84 /* Release */,
			);
			defaultConfigurationIsVisible = 0;
			defaultConfigurationName = Release;
		};
		D7B041471B07832B0008CC84 /* Build configuration list for PBXNativeTarget "Eatlo" */ = {
			isa = XCConfigurationList;
			buildConfigurations = (
				D7B041481B07832B0008CC84 /* Debug */,
				D7B041491B07832B0008CC84 /* Release */,
			);
			defaultConfigurationIsVisible = 0;
		};
		D7B0414A1B07832B0008CC84 /* Build configuration list for PBXNativeTarget "EatloTests" */ = {
			isa = XCConfigurationList;
			buildConfigurations = (
				D7B0414B1B07832B0008CC84 /* Debug */,
				D7B0414C1B07832B0008CC84 /* Release */,
			);
			defaultConfigurationIsVisible = 0;
		};
/* End XCConfigurationList section */
	};
	rootObject = D7B0410D1B07832B0008CC84 /* Project object */;
}
